
Microsoft Visual Studio Solution File, Format Version 12.00
# Visual Studio Version 17
VisualStudioVersion = 17.1.32210.238
MinimumVisualStudioVersion = 10.0.40219.1
Project("{9A19103F-16F7-4668-BE54-9A1E7A4F7556}") = "Generic_Datatypes", "Generic_Datatypes\Generic_Datatypes.csproj", "{16E44BA5-5353-40FF-8348-D2EB389A8FDD}"
EndProject
Project("{9A19103F-16F7-4668-BE54-9A1E7A4F7556}") = "LinkedList", "LinkedList\LinkedList.csproj", "{004E635F-B366-4444-AECC-16AC26716207}"
EndProject
Project("{9A19103F-16F7-4668-BE54-9A1E7A4F7556}") = "Stack", "Stack\Stack.csproj", "{3D64EE36-D9A7-4BA3-A2E9-88DE084624C2}"
EndProject
Project("{9A19103F-16F7-4668-BE54-9A1E7A4F7556}") = "SingleLinkedListTests", "UnitTest\SingleLinkedListTests.csproj", "{DEA41800-7FA3-4B48-8B00-B5DF0FA9F62A}"
EndProject
Project("{9A19103F-16F7-4668-BE54-9A1E7A4F7556}") = "Common", "StrategyPattern\Common.csproj", "{98A5CFF4-5C37-4CA7-B219-C5F9DEA9ABEB}"
EndProject
Project("{9A19103F-16F7-4668-BE54-9A1E7A4F7556}") = "SingleLinkedListBasedStack", "SingleLinkedListBasedStack\SingleLinkedListBasedStack.csproj", "{4E67E025-5B7B-4E2F-9BCE-C0BDC7FC30B0}"
EndProject
Project("{9A19103F-16F7-4668-BE54-9A1E7A4F7556}") = "SortAlgorithmTests", "SortAlgorithmTests\SortAlgorithmTests.csproj", "{ACCC6C26-7EF8-47FD-87F2-094D6CAB4654}"
EndProject
Project("{9A19103F-16F7-4668-BE54-9A1E7A4F7556}") = "SingleLinkedListBasedStackTests", "SingleLinkedListBasedStackTests\SingleLinkedListBasedStackTests.csproj", "{7EEA8B65-506D-421A-A85E-7A27E6003B58}"
EndProject
Project("{9A19103F-16F7-4668-BE54-9A1E7A4F7556}") = "Queue", "Queue\Queue.csproj", "{A08825AB-FFDE-4F08-9982-9E239103BCBC}"
EndProject
Project("{FAE04EC0-301F-11D3-BF4B-00C04F79EFBC}") = "DatastructurTests", "DatastructurTests\DatastructurTests.csproj", "{1DEFE9C2-0E72-451C-9E12-020B891CEFF2}"
EndProject
Global
	GlobalSection(SolutionConfigurationPlatforms) = preSolution
		Debug|Any CPU = Debug|Any CPU
		Release|Any CPU = Release|Any CPU
	EndGlobalSection
	GlobalSection(ProjectConfigurationPlatforms) = postSolution
		{16E44BA5-5353-40FF-8348-D2EB389A8FDD}.Debug|Any CPU.ActiveCfg = Debug|Any CPU
		{16E44BA5-5353-40FF-8348-D2EB389A8FDD}.Debug|Any CPU.Build.0 = Debug|Any CPU
		{16E44BA5-5353-40FF-8348-D2EB389A8FDD}.Release|Any CPU.ActiveCfg = Release|Any CPU
		{16E44BA5-5353-40FF-8348-D2EB389A8FDD}.Release|Any CPU.Build.0 = Release|Any CPU
		{004E635F-B366-4444-AECC-16AC26716207}.Debug|Any CPU.ActiveCfg = Debug|Any CPU
		{004E635F-B366-4444-AECC-16AC26716207}.Debug|Any CPU.Build.0 = Debug|Any CPU
		{004E635F-B366-4444-AECC-16AC26716207}.Release|Any CPU.ActiveCfg = Release|Any CPU
		{004E635F-B366-4444-AECC-16AC26716207}.Release|Any CPU.Build.0 = Release|Any CPU
		{3D64EE36-D9A7-4BA3-A2E9-88DE084624C2}.Debug|Any CPU.ActiveCfg = Debug|Any CPU
		{3D64EE36-D9A7-4BA3-A2E9-88DE084624C2}.Debug|Any CPU.Build.0 = Debug|Any CPU
		{3D64EE36-D9A7-4BA3-A2E9-88DE084624C2}.Release|Any CPU.ActiveCfg = Release|Any CPU
		{3D64EE36-D9A7-4BA3-A2E9-88DE084624C2}.Release|Any CPU.Build.0 = Release|Any CPU
		{DEA41800-7FA3-4B48-8B00-B5DF0FA9F62A}.Debug|Any CPU.ActiveCfg = Debug|Any CPU
		{DEA41800-7FA3-4B48-8B00-B5DF0FA9F62A}.Debug|Any CPU.Build.0 = Debug|Any CPU
		{DEA41800-7FA3-4B48-8B00-B5DF0FA9F62A}.Release|Any CPU.ActiveCfg = Release|Any CPU
		{DEA41800-7FA3-4B48-8B00-B5DF0FA9F62A}.Release|Any CPU.Build.0 = Release|Any CPU
		{98A5CFF4-5C37-4CA7-B219-C5F9DEA9ABEB}.Debug|Any CPU.ActiveCfg = Debug|Any CPU
		{98A5CFF4-5C37-4CA7-B219-C5F9DEA9ABEB}.Debug|Any CPU.Build.0 = Debug|Any CPU
		{98A5CFF4-5C37-4CA7-B219-C5F9DEA9ABEB}.Release|Any CPU.ActiveCfg = Release|Any CPU
		{98A5CFF4-5C37-4CA7-B219-C5F9DEA9ABEB}.Release|Any CPU.Build.0 = Release|Any CPU
		{4E67E025-5B7B-4E2F-9BCE-C0BDC7FC30B0}.Debug|Any CPU.ActiveCfg = Debug|Any CPU
		{4E67E025-5B7B-4E2F-9BCE-C0BDC7FC30B0}.Debug|Any CPU.Build.0 = Debug|Any CPU
		{4E67E025-5B7B-4E2F-9BCE-C0BDC7FC30B0}.Release|Any CPU.ActiveCfg = Release|Any CPU
		{4E67E025-5B7B-4E2F-9BCE-C0BDC7FC30B0}.Release|Any CPU.Build.0 = Release|Any CPU
		{ACCC6C26-7EF8-47FD-87F2-094D6CAB4654}.Debug|Any CPU.ActiveCfg = Debug|Any CPU
		{ACCC6C26-7EF8-47FD-87F2-094D6CAB4654}.Debug|Any CPU.Build.0 = Debug|Any CPU
		{ACCC6C26-7EF8-47FD-87F2-094D6CAB4654}.Release|Any CPU.ActiveCfg = Release|Any CPU
		{ACCC6C26-7EF8-47FD-87F2-094D6CAB4654}.Release|Any CPU.Build.0 = Release|Any CPU
		{7EEA8B65-506D-421A-A85E-7A27E6003B58}.Debug|Any CPU.ActiveCfg = Debug|Any CPU
		{7EEA8B65-506D-421A-A85E-7A27E6003B58}.Debug|Any CPU.Build.0 = Debug|Any CPU
		{7EEA8B65-506D-421A-A85E-7A27E6003B58}.Release|Any CPU.ActiveCfg = Release|Any CPU
		{7EEA8B65-506D-421A-A85E-7A27E6003B58}.Release|Any CPU.Build.0 = Release|Any CPU
		{A08825AB-FFDE-4F08-9982-9E239103BCBC}.Debug|Any CPU.ActiveCfg = Debug|Any CPU
		{A08825AB-FFDE-4F08-9982-9E239103BCBC}.Debug|Any CPU.Build.0 = Debug|Any CPU
		{A08825AB-FFDE-4F08-9982-9E239103BCBC}.Release|Any CPU.ActiveCfg = Release|Any CPU
		{A08825AB-FFDE-4F08-9982-9E239103BCBC}.Release|Any CPU.Build.0 = Release|Any CPU
		{1DEFE9C2-0E72-451C-9E12-020B891CEFF2}.Debug|Any CPU.ActiveCfg = Debug|Any CPU
		{1DEFE9C2-0E72-451C-9E12-020B891CEFF2}.Debug|Any CPU.Build.0 = Debug|Any CPU
		{1DEFE9C2-0E72-451C-9E12-020B891CEFF2}.Release|Any CPU.ActiveCfg = Release|Any CPU
		{1DEFE9C2-0E72-451C-9E12-020B891CEFF2}.Release|Any CPU.Build.0 = Release|Any CPU
	EndGlobalSection
	GlobalSection(SolutionProperties) = preSolution
		HideSolutionNode = FALSE
	EndGlobalSection
	GlobalSection(ExtensibilityGlobals) = postSolution
		SolutionGuid = {37F63884-58D0-4C15-A08A-9E605B0B97BC}
	EndGlobalSection
EndGlobal
